
Microsoft Visual Studio Solution File, Format Version 12.00
# Visual Studio 2012
Project("{2150E333-8FDC-42A3-9474-1A3956D46DE8}") = "Composition", "Composition", "{6A55BFCD-C040-4B99-9852-5F58B47361F9}"
EndProject
Project("{2150E333-8FDC-42A3-9474-1A3956D46DE8}") = "ViewModel", "ViewModel", "{FAFB8BD6-8291-48F6-9763-A4A4B034F8D8}"
EndProject
Project("{2150E333-8FDC-42A3-9474-1A3956D46DE8}") = "DesignTimeData", "DesignTimeData", "{E92D9EFB-ADB4-4111-AD11-22BBCA27240B}"
EndProject
Project("{2150E333-8FDC-42A3-9474-1A3956D46DE8}") = "Behavioral", "Behavioral", "{F56B7A8F-B45C-422B-A01B-2BB6A5D3962A}"
EndProject
Project("{2150E333-8FDC-42A3-9474-1A3956D46DE8}") = "Animation", "Animation", "{A16946FF-47A9-4A9D-B493-90B99D34DC05}"
EndProject
Project("{FAE04EC0-301F-11D3-BF4B-00C04F79EFBC}") = "XAMLPatterns.GridLayout", "Composition\XAMLPatterns.GridLayout\XAMLPatterns.GridLayout.csproj", "{10B38650-4801-419F-BE2F-A060231EE740}"
EndProject
Project("{FAE04EC0-301F-11D3-BF4B-00C04F79EFBC}") = "XAMLPatterns.BalancedWhitespace", "Composition\XAMLPatterns.BalancedWhitespace\XAMLPatterns.BalancedWhitespace.csproj", "{074A3430-650D-4EC6-98D0-03F15E8A8F5C}"
EndProject
Project("{FAE04EC0-301F-11D3-BF4B-00C04F79EFBC}") = "XAMLPatterns.Overflow", "Composition\XAMLPatterns.Overflow\XAMLPatterns.Overflow.csproj", "{15D2A2B2-69E2-4D24-B5F2-0481DA06FF70}"
EndProject
Project("{FAE04EC0-301F-11D3-BF4B-00C04F79EFBC}") = "XAMLPatterns.ExtensionGrid", "Composition\XAMLPatterns.ExtensionGrid\XAMLPatterns.ExtensionGrid.csproj", "{CBAC6B48-CFC6-443B-944A-3025B0A63391}"
EndProject
Project("{FAE04EC0-301F-11D3-BF4B-00C04F79EFBC}") = "XAMLPatterns.Assets", "Composition\XAMLPatterns.Assets\XAMLPatterns.Assets.csproj", "{64F044C7-3219-449F-A088-8B56D331D17A}"
EndProject
Project("{FAE04EC0-301F-11D3-BF4B-00C04F79EFBC}") = "XAMLPatterns.ControlTemplates", "Composition\XAMLPatterns.ControlTemplates\XAMLPatterns.ControlTemplates.csproj", "{50D0E04C-D13D-462D-BB86-BA66F97817BD}"
EndProject
Project("{FAE04EC0-301F-11D3-BF4B-00C04F79EFBC}") = "XAMLPatterns.ControlExtension", "Composition\XAMLPatterns.ControlExtension\XAMLPatterns.ControlExtension.csproj", "{7CB673A5-9020-4A67-AEBE-BC46CCA3771B}"
EndProject
Project("{FAE04EC0-301F-11D3-BF4B-00C04F79EFBC}") = "XAMLPatterns.ImplicitDataTemplates.WPF", "Composition\XAMLPatterns.ImplicitDataTemplates.WPF\XAMLPatterns.ImplicitDataTemplates.WPF.csproj", "{4877D110-0AD2-4FDC-BF56-EEDFEEAEC550}"
EndProject
Project("{FAE04EC0-301F-11D3-BF4B-00C04F79EFBC}") = "XAMLPatterns.ImplicitDataTemplates.WinRT", "Composition\XAMLPatterns.ImplicitDataTemplates.WinRT\XAMLPatterns.ImplicitDataTemplates.WinRT.csproj", "{C863CED4-2F0F-4888-BB98-C8ACADB6597C}"
EndProject
Project("{FAE04EC0-301F-11D3-BF4B-00C04F79EFBC}") = "XAMLPatterns.ImplicitDataTemplates.SL", "Composition\XAMLPatterns.ImplicitDataTemplates.SL\XAMLPatterns.ImplicitDataTemplates.SL.csproj", "{953FB6A9-EF47-4EA9-947A-E4D1457AF403}"
EndProject
Project("{FAE04EC0-301F-11D3-BF4B-00C04F79EFBC}") = "XAMLPatterns.JustifiedListBox.WPF", "Composition\XAMLPatterns.JustifiedListBox.WPF\XAMLPatterns.JustifiedListBox.WPF.csproj", "{D18F4983-0247-4FFC-B57A-68B46BFBA0EC}"
EndProject
Project("{FAE04EC0-301F-11D3-BF4B-00C04F79EFBC}") = "XAMLPatterns.JustifiedListBox.WinRT", "Composition\XAMLPatterns.JustifiedListBox.WinRT\XAMLPatterns.JustifiedListBox.WinRT.csproj", "{012E0131-0969-40EA-AA34-4EFAC3F78959}"
EndProject
Project("{FAE04EC0-301F-11D3-BF4B-00C04F79EFBC}") = "XAMLPatterns.StatefulViewModel", "ViewModel\XAMLPatterns.StatefulViewModel\XAMLPatterns.StatefulViewModel.csproj", "{788E90FF-F4A3-4E12-84E1-46E498EBD7B5}"
EndProject
Project("{FAE04EC0-301F-11D3-BF4B-00C04F79EFBC}") = "XAMLPatterns.ReactiveViewModel", "ViewModel\XAMLPatterns.ReactiveViewModel\XAMLPatterns.ReactiveViewModel.csproj", "{7839BC92-1421-4996-A7CD-7E8790C8BD86}"
EndProject
Project("{FAE04EC0-301F-11D3-BF4B-00C04F79EFBC}") = "XAMLPatterns.StatelessViewModel", "ViewModel\XAMLPatterns.StatelessViewModel\XAMLPatterns.StatelessViewModel.csproj", "{852E7C23-9974-4050-B336-094EAE979AB5}"
EndProject
Project("{FAE04EC0-301F-11D3-BF4B-00C04F79EFBC}") = "XAMLPatterns.MessageBus", "ViewModel\XAMLPatterns.MessageBus\XAMLPatterns.MessageBus.csproj", "{4FADE77E-D656-4CFA-81E7-038177E0EF21}"
EndProject
Project("{FAE04EC0-301F-11D3-BF4B-00C04F79EFBC}") = "XAMLPatterns.SelectionModel", "ViewModel\XAMLPatterns.SelectionModel\XAMLPatterns.SelectionModel.csproj", "{A5055A2F-C546-4FD3-A4C6-72724080312B}"
EndProject
Project("{FAE04EC0-301F-11D3-BF4B-00C04F79EFBC}") = "XAMLPatterns.ViewModelFirst", "ViewModel\XAMLPatterns.ViewModelFirst\XAMLPatterns.ViewModelFirst.csproj", "{11D202E4-4CB8-4B97-B062-AB74395E498B}"
EndProject
Project("{FAE04EC0-301F-11D3-BF4B-00C04F79EFBC}") = "XAMLPatterns.ViewModelLocator", "ViewModel\XAMLPatterns.ViewModelLocator\XAMLPatterns.ViewModelLocator.csproj", "{7F258B2F-FC53-4415-8126-B1FC17404EDD}"
EndProject
Project("{FAE04EC0-301F-11D3-BF4B-00C04F79EFBC}") = "XAMLPatterns.ViewServices", "ViewModel\XAMLPatterns.ViewServices\XAMLPatterns.ViewServices.csproj", "{9FED8B07-59C7-497D-A308-EDA08DC96BD4}"
EndProject
Project("{FAE04EC0-301F-11D3-BF4B-00C04F79EFBC}") = "XAMLPatterns.ViewModelEvents", "ViewModel\XAMLPatterns.ViewModelEvents\XAMLPatterns.ViewModelEvents.csproj", "{1D5ACF94-049B-4E79-9331-D767DEE77F08}"
EndProject
Project("{FAE04EC0-301F-11D3-BF4B-00C04F79EFBC}") = "XAMLPatterns.InPlaceData", "DesignTimeData\XAMLPatterns.InPlaceData\XAMLPatterns.InPlaceData.csproj", "{EBBFA27C-7A0E-4109-A824-F74F787A1E76}"
EndProject
Project("{FAE04EC0-301F-11D3-BF4B-00C04F79EFBC}") = "XAMLPatterns.InPlaceChildItems", "DesignTimeData\XAMLPatterns.InPlaceChildItems\XAMLPatterns.InPlaceChildItems.csproj", "{0E1A71D8-441E-4613-A4C7-80AF8C3E42D2}"
EndProject
Project("{FAE04EC0-301F-11D3-BF4B-00C04F79EFBC}") = "XAMLPatterns.SampleData", "DesignTimeData\XAMLPatterns.SampleData\XAMLPatterns.SampleData.csproj", "{5FC4CD1D-D840-4E38-AD3C-7B0372FB110B}"
EndProject
Project("{FAE04EC0-301F-11D3-BF4B-00C04F79EFBC}") = "XAMLPatterns.DesignModeViewModels", "DesignTimeData\XAMLPatterns.DesignModeViewModels\XAMLPatterns.DesignModeViewModels.csproj", "{DDB2F9DE-A53F-4085-9CD2-35DC40B8A529}"
EndProject
Project("{FAE04EC0-301F-11D3-BF4B-00C04F79EFBC}") = "XAMLPatterns.DesignModeModels", "DesignTimeData\XAMLPatterns.DesignModeModels\XAMLPatterns.DesignModeModels.csproj", "{053FCF14-755D-4E04-8839-9BC040A25E4C}"
EndProject
Project("{FAE04EC0-301F-11D3-BF4B-00C04F79EFBC}") = "XAMLPatterns.ShadowTypes", "DesignTimeData\XAMLPatterns.ShadowTypes\XAMLPatterns.ShadowTypes.csproj", "{C209A07E-58D0-4E75-B6D9-CA504A6BFA8B}"
EndProject
Project("{FAE04EC0-301F-11D3-BF4B-00C04F79EFBC}") = "XAMLPatterns.BlendBehaviors", "Behavioral\XAMLPatterns.BlendBehaviors\XAMLPatterns.BlendBehaviors.csproj", "{BA0E088F-6272-4C97-9404-31DEA8468402}"
EndProject
Project("{FAE04EC0-301F-11D3-BF4B-00C04F79EFBC}") = "XAMLPatterns.RelayCommandPattern", "Behavioral\XAMLPatterns.RelayCommandPattern\XAMLPatterns.RelayCommandPattern.csproj", "{12D2874A-A25E-4CF2-B505-5390ED28049E}"
EndProject
Project("{FAE04EC0-301F-11D3-BF4B-00C04F79EFBC}") = "XAMLPatterns.DependentCommand", "Behavioral\XAMLPatterns.DependentCommand\XAMLPatterns.DependentCommand.csproj", "{5C521025-02EE-4FEC-9959-8A0B074D5322}"
EndProject
Project("{FAE04EC0-301F-11D3-BF4B-00C04F79EFBC}") = "XAMLPatterns.ReactiveCommandPattern", "Behavioral\XAMLPatterns.ReactiveCommandPattern\XAMLPatterns.ReactiveCommandPattern.csproj", "{B4230A2B-0EA5-4D17-8D31-60C6FED55A9C}"
EndProject
Project("{FAE04EC0-301F-11D3-BF4B-00C04F79EFBC}") = "XAMLPatterns.AttachedBehaviors", "Behavioral\XAMLPatterns.AttachedBehaviors\XAMLPatterns.AttachedBehaviors.csproj", "{19E03D1F-C477-4443-A545-C4F2784C2025}"
EndProject
Project("{FAE04EC0-301F-11D3-BF4B-00C04F79EFBC}") = "XAMLPatterns.TriggerActions", "Behavioral\XAMLPatterns.TriggerActions\XAMLPatterns.TriggerActions.csproj", "{A1F1C578-91CA-41CA-A69C-6525954CC969}"
EndProject
Project("{FAE04EC0-301F-11D3-BF4B-00C04F79EFBC}") = "XAMLPatterns.TargetedTriggerActions", "Behavioral\XAMLPatterns.TargetedTriggerActions\XAMLPatterns.TargetedTriggerActions.csproj", "{7BAE7492-6EFA-4BB7-A8FA-8AD744239463}"
EndProject
Global
	GlobalSection(SolutionConfigurationPlatforms) = preSolution
		Debug|Any CPU = Debug|Any CPU
		Debug|ARM = Debug|ARM
		Debug|x64 = Debug|x64
		Debug|x86 = Debug|x86
		Release|Any CPU = Release|Any CPU
		Release|ARM = Release|ARM
		Release|x64 = Release|x64
		Release|x86 = Release|x86
	EndGlobalSection
	GlobalSection(ProjectConfigurationPlatforms) = postSolution
		{10B38650-4801-419F-BE2F-A060231EE740}.Debug|Any CPU.ActiveCfg = Debug|Any CPU
		{10B38650-4801-419F-BE2F-A060231EE740}.Debug|Any CPU.Build.0 = Debug|Any CPU
		{10B38650-4801-419F-BE2F-A060231EE740}.Debug|ARM.ActiveCfg = Debug|Any CPU
		{10B38650-4801-419F-BE2F-A060231EE740}.Debug|x64.ActiveCfg = Debug|Any CPU
		{10B38650-4801-419F-BE2F-A060231EE740}.Debug|x86.ActiveCfg = Debug|Any CPU
		{10B38650-4801-419F-BE2F-A060231EE740}.Release|Any CPU.ActiveCfg = Release|Any CPU
		{10B38650-4801-419F-BE2F-A060231EE740}.Release|Any CPU.Build.0 = Release|Any CPU
		{10B38650-4801-419F-BE2F-A060231EE740}.Release|ARM.ActiveCfg = Release|Any CPU
		{10B38650-4801-419F-BE2F-A060231EE740}.Release|x64.ActiveCfg = Release|Any CPU
		{10B38650-4801-419F-BE2F-A060231EE740}.Release|x86.ActiveCfg = Release|Any CPU
		{074A3430-650D-4EC6-98D0-03F15E8A8F5C}.Debug|Any CPU.ActiveCfg = Debug|Any CPU
		{074A3430-650D-4EC6-98D0-03F15E8A8F5C}.Debug|Any CPU.Build.0 = Debug|Any CPU
		{074A3430-650D-4EC6-98D0-03F15E8A8F5C}.Debug|ARM.ActiveCfg = Debug|Any CPU
		{074A3430-650D-4EC6-98D0-03F15E8A8F5C}.Debug|x64.ActiveCfg = Debug|Any CPU
		{074A3430-650D-4EC6-98D0-03F15E8A8F5C}.Debug|x86.ActiveCfg = Debug|Any CPU
		{074A3430-650D-4EC6-98D0-03F15E8A8F5C}.Release|Any CPU.ActiveCfg = Release|Any CPU
		{074A3430-650D-4EC6-98D0-03F15E8A8F5C}.Release|Any CPU.Build.0 = Release|Any CPU
		{074A3430-650D-4EC6-98D0-03F15E8A8F5C}.Release|ARM.ActiveCfg = Release|Any CPU
		{074A3430-650D-4EC6-98D0-03F15E8A8F5C}.Release|x64.ActiveCfg = Release|Any CPU
		{074A3430-650D-4EC6-98D0-03F15E8A8F5C}.Release|x86.ActiveCfg = Release|Any CPU
		{15D2A2B2-69E2-4D24-B5F2-0481DA06FF70}.Debug|Any CPU.ActiveCfg = Debug|Any CPU
		{15D2A2B2-69E2-4D24-B5F2-0481DA06FF70}.Debug|Any CPU.Build.0 = Debug|Any CPU
		{15D2A2B2-69E2-4D24-B5F2-0481DA06FF70}.Debug|ARM.ActiveCfg = Debug|Any CPU
		{15D2A2B2-69E2-4D24-B5F2-0481DA06FF70}.Debug|x64.ActiveCfg = Debug|Any CPU
		{15D2A2B2-69E2-4D24-B5F2-0481DA06FF70}.Debug|x86.ActiveCfg = Debug|Any CPU
		{15D2A2B2-69E2-4D24-B5F2-0481DA06FF70}.Release|Any CPU.ActiveCfg = Release|Any CPU
		{15D2A2B2-69E2-4D24-B5F2-0481DA06FF70}.Release|Any CPU.Build.0 = Release|Any CPU
		{15D2A2B2-69E2-4D24-B5F2-0481DA06FF70}.Release|ARM.ActiveCfg = Release|Any CPU
		{15D2A2B2-69E2-4D24-B5F2-0481DA06FF70}.Release|x64.ActiveCfg = Release|Any CPU
		{15D2A2B2-69E2-4D24-B5F2-0481DA06FF70}.Release|x86.ActiveCfg = Release|Any CPU
		{CBAC6B48-CFC6-443B-944A-3025B0A63391}.Debug|Any CPU.ActiveCfg = Debug|Any CPU
		{CBAC6B48-CFC6-443B-944A-3025B0A63391}.Debug|Any CPU.Build.0 = Debug|Any CPU
		{CBAC6B48-CFC6-443B-944A-3025B0A63391}.Debug|ARM.ActiveCfg = Debug|Any CPU
		{CBAC6B48-CFC6-443B-944A-3025B0A63391}.Debug|x64.ActiveCfg = Debug|Any CPU
		{CBAC6B48-CFC6-443B-944A-3025B0A63391}.Debug|x86.ActiveCfg = Debug|Any CPU
		{CBAC6B48-CFC6-443B-944A-3025B0A63391}.Release|Any CPU.ActiveCfg = Release|Any CPU
		{CBAC6B48-CFC6-443B-944A-3025B0A63391}.Release|Any CPU.Build.0 = Release|Any CPU
		{CBAC6B48-CFC6-443B-944A-3025B0A63391}.Release|ARM.ActiveCfg = Release|Any CPU
		{CBAC6B48-CFC6-443B-944A-3025B0A63391}.Release|x64.ActiveCfg = Release|Any CPU
		{CBAC6B48-CFC6-443B-944A-3025B0A63391}.Release|x86.ActiveCfg = Release|Any CPU
		{64F044C7-3219-449F-A088-8B56D331D17A}.Debug|Any CPU.ActiveCfg = Debug|Any CPU
		{64F044C7-3219-449F-A088-8B56D331D17A}.Debug|Any CPU.Build.0 = Debug|Any CPU
		{64F044C7-3219-449F-A088-8B56D331D17A}.Debug|ARM.ActiveCfg = Debug|Any CPU
		{64F044C7-3219-449F-A088-8B56D331D17A}.Debug|x64.ActiveCfg = Debug|Any CPU
		{64F044C7-3219-449F-A088-8B56D331D17A}.Debug|x86.ActiveCfg = Debug|Any CPU
		{64F044C7-3219-449F-A088-8B56D331D17A}.Release|Any CPU.ActiveCfg = Release|Any CPU
		{64F044C7-3219-449F-A088-8B56D331D17A}.Release|Any CPU.Build.0 = Release|Any CPU
		{64F044C7-3219-449F-A088-8B56D331D17A}.Release|ARM.ActiveCfg = Release|Any CPU
		{64F044C7-3219-449F-A088-8B56D331D17A}.Release|x64.ActiveCfg = Release|Any CPU
		{64F044C7-3219-449F-A088-8B56D331D17A}.Release|x86.ActiveCfg = Release|Any CPU
		{50D0E04C-D13D-462D-BB86-BA66F97817BD}.Debug|Any CPU.ActiveCfg = Debug|Any CPU
		{50D0E04C-D13D-462D-BB86-BA66F97817BD}.Debug|Any CPU.Build.0 = Debug|Any CPU
		{50D0E04C-D13D-462D-BB86-BA66F97817BD}.Debug|ARM.ActiveCfg = Debug|Any CPU
		{50D0E04C-D13D-462D-BB86-BA66F97817BD}.Debug|x64.ActiveCfg = Debug|Any CPU
		{50D0E04C-D13D-462D-BB86-BA66F97817BD}.Debug|x86.ActiveCfg = Debug|Any CPU
		{50D0E04C-D13D-462D-BB86-BA66F97817BD}.Release|Any CPU.ActiveCfg = Release|Any CPU
		{50D0E04C-D13D-462D-BB86-BA66F97817BD}.Release|Any CPU.Build.0 = Release|Any CPU
		{50D0E04C-D13D-462D-BB86-BA66F97817BD}.Release|ARM.ActiveCfg = Release|Any CPU
		{50D0E04C-D13D-462D-BB86-BA66F97817BD}.Release|x64.ActiveCfg = Release|Any CPU
		{50D0E04C-D13D-462D-BB86-BA66F97817BD}.Release|x86.ActiveCfg = Release|Any CPU
		{7CB673A5-9020-4A67-AEBE-BC46CCA3771B}.Debug|Any CPU.ActiveCfg = Debug|Any CPU
		{7CB673A5-9020-4A67-AEBE-BC46CCA3771B}.Debug|Any CPU.Build.0 = Debug|Any CPU
		{7CB673A5-9020-4A67-AEBE-BC46CCA3771B}.Debug|ARM.ActiveCfg = Debug|Any CPU
		{7CB673A5-9020-4A67-AEBE-BC46CCA3771B}.Debug|x64.ActiveCfg = Debug|Any CPU
		{7CB673A5-9020-4A67-AEBE-BC46CCA3771B}.Debug|x86.ActiveCfg = Debug|Any CPU
		{7CB673A5-9020-4A67-AEBE-BC46CCA3771B}.Release|Any CPU.ActiveCfg = Release|Any CPU
		{7CB673A5-9020-4A67-AEBE-BC46CCA3771B}.Release|Any CPU.Build.0 = Release|Any CPU
		{7CB673A5-9020-4A67-AEBE-BC46CCA3771B}.Release|ARM.ActiveCfg = Release|Any CPU
		{7CB673A5-9020-4A67-AEBE-BC46CCA3771B}.Release|x64.ActiveCfg = Release|Any CPU
		{7CB673A5-9020-4A67-AEBE-BC46CCA3771B}.Release|x86.ActiveCfg = Release|Any CPU
		{4877D110-0AD2-4FDC-BF56-EEDFEEAEC550}.Debug|Any CPU.ActiveCfg = Debug|Any CPU
		{4877D110-0AD2-4FDC-BF56-EEDFEEAEC550}.Debug|Any CPU.Build.0 = Debug|Any CPU
		{4877D110-0AD2-4FDC-BF56-EEDFEEAEC550}.Debug|ARM.ActiveCfg = Debug|Any CPU
		{4877D110-0AD2-4FDC-BF56-EEDFEEAEC550}.Debug|x64.ActiveCfg = Debug|Any CPU
		{4877D110-0AD2-4FDC-BF56-EEDFEEAEC550}.Debug|x86.ActiveCfg = Debug|Any CPU
		{4877D110-0AD2-4FDC-BF56-EEDFEEAEC550}.Release|Any CPU.ActiveCfg = Release|Any CPU
		{4877D110-0AD2-4FDC-BF56-EEDFEEAEC550}.Release|Any CPU.Build.0 = Release|Any CPU
		{4877D110-0AD2-4FDC-BF56-EEDFEEAEC550}.Release|ARM.ActiveCfg = Release|Any CPU
		{4877D110-0AD2-4FDC-BF56-EEDFEEAEC550}.Release|x64.ActiveCfg = Release|Any CPU
		{4877D110-0AD2-4FDC-BF56-EEDFEEAEC550}.Release|x86.ActiveCfg = Release|Any CPU
		{C863CED4-2F0F-4888-BB98-C8ACADB6597C}.Debug|Any CPU.ActiveCfg = Debug|Any CPU
		{C863CED4-2F0F-4888-BB98-C8ACADB6597C}.Debug|Any CPU.Build.0 = Debug|Any CPU
		{C863CED4-2F0F-4888-BB98-C8ACADB6597C}.Debug|ARM.ActiveCfg = Debug|ARM
		{C863CED4-2F0F-4888-BB98-C8ACADB6597C}.Debug|ARM.Build.0 = Debug|ARM
		{C863CED4-2F0F-4888-BB98-C8ACADB6597C}.Debug|ARM.Deploy.0 = Debug|ARM
		{C863CED4-2F0F-4888-BB98-C8ACADB6597C}.Debug|x64.ActiveCfg = Debug|x64
		{C863CED4-2F0F-4888-BB98-C8ACADB6597C}.Debug|x64.Build.0 = Debug|x64
		{C863CED4-2F0F-4888-BB98-C8ACADB6597C}.Debug|x64.Deploy.0 = Debug|x64
		{C863CED4-2F0F-4888-BB98-C8ACADB6597C}.Debug|x86.ActiveCfg = Debug|x86
		{C863CED4-2F0F-4888-BB98-C8ACADB6597C}.Debug|x86.Build.0 = Debug|x86
		{C863CED4-2F0F-4888-BB98-C8ACADB6597C}.Debug|x86.Deploy.0 = Debug|x86
		{C863CED4-2F0F-4888-BB98-C8ACADB6597C}.Release|Any CPU.ActiveCfg = Release|Any CPU
		{C863CED4-2F0F-4888-BB98-C8ACADB6597C}.Release|Any CPU.Build.0 = Release|Any CPU
		{C863CED4-2F0F-4888-BB98-C8ACADB6597C}.Release|Any CPU.Deploy.0 = Release|Any CPU
		{C863CED4-2F0F-4888-BB98-C8ACADB6597C}.Release|ARM.ActiveCfg = Release|ARM
		{C863CED4-2F0F-4888-BB98-C8ACADB6597C}.Release|ARM.Build.0 = Release|ARM
		{C863CED4-2F0F-4888-BB98-C8ACADB6597C}.Release|ARM.Deploy.0 = Release|ARM
		{C863CED4-2F0F-4888-BB98-C8ACADB6597C}.Release|x64.ActiveCfg = Release|x64
		{C863CED4-2F0F-4888-BB98-C8ACADB6597C}.Release|x64.Build.0 = Release|x64
		{C863CED4-2F0F-4888-BB98-C8ACADB6597C}.Release|x64.Deploy.0 = Release|x64
		{C863CED4-2F0F-4888-BB98-C8ACADB6597C}.Release|x86.ActiveCfg = Release|x86
		{C863CED4-2F0F-4888-BB98-C8ACADB6597C}.Release|x86.Build.0 = Release|x86
		{C863CED4-2F0F-4888-BB98-C8ACADB6597C}.Release|x86.Deploy.0 = Release|x86
		{953FB6A9-EF47-4EA9-947A-E4D1457AF403}.Debug|Any CPU.ActiveCfg = Debug|Any CPU
		{953FB6A9-EF47-4EA9-947A-E4D1457AF403}.Debug|Any CPU.Build.0 = Debug|Any CPU
		{953FB6A9-EF47-4EA9-947A-E4D1457AF403}.Debug|ARM.ActiveCfg = Debug|Any CPU
		{953FB6A9-EF47-4EA9-947A-E4D1457AF403}.Debug|x64.ActiveCfg = Debug|Any CPU
		{953FB6A9-EF47-4EA9-947A-E4D1457AF403}.Debug|x86.ActiveCfg = Debug|Any CPU
		{953FB6A9-EF47-4EA9-947A-E4D1457AF403}.Release|Any CPU.ActiveCfg = Release|Any CPU
		{953FB6A9-EF47-4EA9-947A-E4D1457AF403}.Release|Any CPU.Build.0 = Release|Any CPU
		{953FB6A9-EF47-4EA9-947A-E4D1457AF403}.Release|ARM.ActiveCfg = Release|Any CPU
		{953FB6A9-EF47-4EA9-947A-E4D1457AF403}.Release|x64.ActiveCfg = Release|Any CPU
		{953FB6A9-EF47-4EA9-947A-E4D1457AF403}.Release|x86.ActiveCfg = Release|Any CPU
		{D18F4983-0247-4FFC-B57A-68B46BFBA0EC}.Debug|Any CPU.ActiveCfg = Debug|Any CPU
		{D18F4983-0247-4FFC-B57A-68B46BFBA0EC}.Debug|Any CPU.Build.0 = Debug|Any CPU
		{D18F4983-0247-4FFC-B57A-68B46BFBA0EC}.Debug|ARM.ActiveCfg = Debug|Any CPU
		{D18F4983-0247-4FFC-B57A-68B46BFBA0EC}.Debug|x64.ActiveCfg = Debug|Any CPU
		{D18F4983-0247-4FFC-B57A-68B46BFBA0EC}.Debug|x86.ActiveCfg = Debug|Any CPU
		{D18F4983-0247-4FFC-B57A-68B46BFBA0EC}.Release|Any CPU.ActiveCfg = Release|Any CPU
		{D18F4983-0247-4FFC-B57A-68B46BFBA0EC}.Release|Any CPU.Build.0 = Release|Any CPU
		{D18F4983-0247-4FFC-B57A-68B46BFBA0EC}.Release|ARM.ActiveCfg = Release|Any CPU
		{D18F4983-0247-4FFC-B57A-68B46BFBA0EC}.Release|x64.ActiveCfg = Release|Any CPU
		{D18F4983-0247-4FFC-B57A-68B46BFBA0EC}.Release|x86.ActiveCfg = Release|Any CPU
		{012E0131-0969-40EA-AA34-4EFAC3F78959}.Debug|Any CPU.ActiveCfg = Debug|Any CPU
		{012E0131-0969-40EA-AA34-4EFAC3F78959}.Debug|Any CPU.Build.0 = Debug|Any CPU
		{012E0131-0969-40EA-AA34-4EFAC3F78959}.Debug|ARM.ActiveCfg = Debug|ARM
		{012E0131-0969-40EA-AA34-4EFAC3F78959}.Debug|ARM.Build.0 = Debug|ARM
		{012E0131-0969-40EA-AA34-4EFAC3F78959}.Debug|ARM.Deploy.0 = Debug|ARM
		{012E0131-0969-40EA-AA34-4EFAC3F78959}.Debug|x64.ActiveCfg = Debug|x64
		{012E0131-0969-40EA-AA34-4EFAC3F78959}.Debug|x64.Build.0 = Debug|x64
		{012E0131-0969-40EA-AA34-4EFAC3F78959}.Debug|x64.Deploy.0 = Debug|x64
		{012E0131-0969-40EA-AA34-4EFAC3F78959}.Debug|x86.ActiveCfg = Debug|x86
		{012E0131-0969-40EA-AA34-4EFAC3F78959}.Debug|x86.Build.0 = Debug|x86
		{012E0131-0969-40EA-AA34-4EFAC3F78959}.Debug|x86.Deploy.0 = Debug|x86
		{012E0131-0969-40EA-AA34-4EFAC3F78959}.Release|Any CPU.ActiveCfg = Release|Any CPU
		{012E0131-0969-40EA-AA34-4EFAC3F78959}.Release|Any CPU.Build.0 = Release|Any CPU
		{012E0131-0969-40EA-AA34-4EFAC3F78959}.Release|Any CPU.Deploy.0 = Release|Any CPU
		{012E0131-0969-40EA-AA34-4EFAC3F78959}.Release|ARM.ActiveCfg = Release|ARM
		{012E0131-0969-40EA-AA34-4EFAC3F78959}.Release|ARM.Build.0 = Release|ARM
		{012E0131-0969-40EA-AA34-4EFAC3F78959}.Release|ARM.Deploy.0 = Release|ARM
		{012E0131-0969-40EA-AA34-4EFAC3F78959}.Release|x64.ActiveCfg = Release|x64
		{012E0131-0969-40EA-AA34-4EFAC3F78959}.Release|x64.Build.0 = Release|x64
		{012E0131-0969-40EA-AA34-4EFAC3F78959}.Release|x64.Deploy.0 = Release|x64
		{012E0131-0969-40EA-AA34-4EFAC3F78959}.Release|x86.ActiveCfg = Release|x86
		{012E0131-0969-40EA-AA34-4EFAC3F78959}.Release|x86.Build.0 = Release|x86
		{012E0131-0969-40EA-AA34-4EFAC3F78959}.Release|x86.Deploy.0 = Release|x86
		{788E90FF-F4A3-4E12-84E1-46E498EBD7B5}.Debug|Any CPU.ActiveCfg = Debug|Any CPU
		{788E90FF-F4A3-4E12-84E1-46E498EBD7B5}.Debug|Any CPU.Build.0 = Debug|Any CPU
		{788E90FF-F4A3-4E12-84E1-46E498EBD7B5}.Debug|ARM.ActiveCfg = Debug|Any CPU
		{788E90FF-F4A3-4E12-84E1-46E498EBD7B5}.Debug|x64.ActiveCfg = Debug|Any CPU
		{788E90FF-F4A3-4E12-84E1-46E498EBD7B5}.Debug|x86.ActiveCfg = Debug|Any CPU
		{788E90FF-F4A3-4E12-84E1-46E498EBD7B5}.Release|Any CPU.ActiveCfg = Release|Any CPU
		{788E90FF-F4A3-4E12-84E1-46E498EBD7B5}.Release|Any CPU.Build.0 = Release|Any CPU
		{788E90FF-F4A3-4E12-84E1-46E498EBD7B5}.Release|ARM.ActiveCfg = Release|Any CPU
		{788E90FF-F4A3-4E12-84E1-46E498EBD7B5}.Release|x64.ActiveCfg = Release|Any CPU
		{788E90FF-F4A3-4E12-84E1-46E498EBD7B5}.Release|x86.ActiveCfg = Release|Any CPU
		{7839BC92-1421-4996-A7CD-7E8790C8BD86}.Debug|Any CPU.ActiveCfg = Debug|Any CPU
		{7839BC92-1421-4996-A7CD-7E8790C8BD86}.Debug|Any CPU.Build.0 = Debug|Any CPU
		{7839BC92-1421-4996-A7CD-7E8790C8BD86}.Debug|ARM.ActiveCfg = Debug|Any CPU
		{7839BC92-1421-4996-A7CD-7E8790C8BD86}.Debug|x64.ActiveCfg = Debug|Any CPU
		{7839BC92-1421-4996-A7CD-7E8790C8BD86}.Debug|x86.ActiveCfg = Debug|Any CPU
		{7839BC92-1421-4996-A7CD-7E8790C8BD86}.Release|Any CPU.ActiveCfg = Release|Any CPU
		{7839BC92-1421-4996-A7CD-7E8790C8BD86}.Release|Any CPU.Build.0 = Release|Any CPU
		{7839BC92-1421-4996-A7CD-7E8790C8BD86}.Release|ARM.ActiveCfg = Release|Any CPU
		{7839BC92-1421-4996-A7CD-7E8790C8BD86}.Release|x64.ActiveCfg = Release|Any CPU
		{7839BC92-1421-4996-A7CD-7E8790C8BD86}.Release|x86.ActiveCfg = Release|Any CPU
		{852E7C23-9974-4050-B336-094EAE979AB5}.Debug|Any CPU.ActiveCfg = Debug|Any CPU
		{852E7C23-9974-4050-B336-094EAE979AB5}.Debug|Any CPU.Build.0 = Debug|Any CPU
		{852E7C23-9974-4050-B336-094EAE979AB5}.Debug|ARM.ActiveCfg = Debug|Any CPU
		{852E7C23-9974-4050-B336-094EAE979AB5}.Debug|x64.ActiveCfg = Debug|Any CPU
		{852E7C23-9974-4050-B336-094EAE979AB5}.Debug|x86.ActiveCfg = Debug|Any CPU
		{852E7C23-9974-4050-B336-094EAE979AB5}.Release|Any CPU.ActiveCfg = Release|Any CPU
		{852E7C23-9974-4050-B336-094EAE979AB5}.Release|Any CPU.Build.0 = Release|Any CPU
		{852E7C23-9974-4050-B336-094EAE979AB5}.Release|ARM.ActiveCfg = Release|Any CPU
		{852E7C23-9974-4050-B336-094EAE979AB5}.Release|x64.ActiveCfg = Release|Any CPU
		{852E7C23-9974-4050-B336-094EAE979AB5}.Release|x86.ActiveCfg = Release|Any CPU
		{4FADE77E-D656-4CFA-81E7-038177E0EF21}.Debug|Any CPU.ActiveCfg = Debug|Any CPU
		{4FADE77E-D656-4CFA-81E7-038177E0EF21}.Debug|Any CPU.Build.0 = Debug|Any CPU
		{4FADE77E-D656-4CFA-81E7-038177E0EF21}.Debug|ARM.ActiveCfg = Debug|Any CPU
		{4FADE77E-D656-4CFA-81E7-038177E0EF21}.Debug|x64.ActiveCfg = Debug|Any CPU
		{4FADE77E-D656-4CFA-81E7-038177E0EF21}.Debug|x86.ActiveCfg = Debug|Any CPU
		{4FADE77E-D656-4CFA-81E7-038177E0EF21}.Release|Any CPU.ActiveCfg = Release|Any CPU
		{4FADE77E-D656-4CFA-81E7-038177E0EF21}.Release|Any CPU.Build.0 = Release|Any CPU
		{4FADE77E-D656-4CFA-81E7-038177E0EF21}.Release|ARM.ActiveCfg = Release|Any CPU
		{4FADE77E-D656-4CFA-81E7-038177E0EF21}.Release|x64.ActiveCfg = Release|Any CPU
		{4FADE77E-D656-4CFA-81E7-038177E0EF21}.Release|x86.ActiveCfg = Release|Any CPU
		{A5055A2F-C546-4FD3-A4C6-72724080312B}.Debug|Any CPU.ActiveCfg = Debug|Any CPU
		{A5055A2F-C546-4FD3-A4C6-72724080312B}.Debug|Any CPU.Build.0 = Debug|Any CPU
		{A5055A2F-C546-4FD3-A4C6-72724080312B}.Debug|ARM.ActiveCfg = Debug|Any CPU
		{A5055A2F-C546-4FD3-A4C6-72724080312B}.Debug|x64.ActiveCfg = Debug|Any CPU
		{A5055A2F-C546-4FD3-A4C6-72724080312B}.Debug|x86.ActiveCfg = Debug|Any CPU
		{A5055A2F-C546-4FD3-A4C6-72724080312B}.Release|Any CPU.ActiveCfg = Release|Any CPU
		{A5055A2F-C546-4FD3-A4C6-72724080312B}.Release|Any CPU.Build.0 = Release|Any CPU
		{A5055A2F-C546-4FD3-A4C6-72724080312B}.Release|ARM.ActiveCfg = Release|Any CPU
		{A5055A2F-C546-4FD3-A4C6-72724080312B}.Release|x64.ActiveCfg = Release|Any CPU
		{A5055A2F-C546-4FD3-A4C6-72724080312B}.Release|x86.ActiveCfg = Release|Any CPU
		{11D202E4-4CB8-4B97-B062-AB74395E498B}.Debug|Any CPU.ActiveCfg = Debug|Any CPU
		{11D202E4-4CB8-4B97-B062-AB74395E498B}.Debug|Any CPU.Build.0 = Debug|Any CPU
		{11D202E4-4CB8-4B97-B062-AB74395E498B}.Debug|ARM.ActiveCfg = Debug|Any CPU
		{11D202E4-4CB8-4B97-B062-AB74395E498B}.Debug|x64.ActiveCfg = Debug|Any CPU
		{11D202E4-4CB8-4B97-B062-AB74395E498B}.Debug|x86.ActiveCfg = Debug|Any CPU
		{11D202E4-4CB8-4B97-B062-AB74395E498B}.Release|Any CPU.ActiveCfg = Release|Any CPU
		{11D202E4-4CB8-4B97-B062-AB74395E498B}.Release|Any CPU.Build.0 = Release|Any CPU
		{11D202E4-4CB8-4B97-B062-AB74395E498B}.Release|ARM.ActiveCfg = Release|Any CPU
		{11D202E4-4CB8-4B97-B062-AB74395E498B}.Release|x64.ActiveCfg = Release|Any CPU
		{11D202E4-4CB8-4B97-B062-AB74395E498B}.Release|x86.ActiveCfg = Release|Any CPU
		{7F258B2F-FC53-4415-8126-B1FC17404EDD}.Debug|Any CPU.ActiveCfg = Debug|Any CPU
		{7F258B2F-FC53-4415-8126-B1FC17404EDD}.Debug|Any CPU.Build.0 = Debug|Any CPU
		{7F258B2F-FC53-4415-8126-B1FC17404EDD}.Debug|ARM.ActiveCfg = Debug|Any CPU
		{7F258B2F-FC53-4415-8126-B1FC17404EDD}.Debug|x64.ActiveCfg = Debug|Any CPU
		{7F258B2F-FC53-4415-8126-B1FC17404EDD}.Debug|x86.ActiveCfg = Debug|Any CPU
		{7F258B2F-FC53-4415-8126-B1FC17404EDD}.Release|Any CPU.ActiveCfg = Release|Any CPU
		{7F258B2F-FC53-4415-8126-B1FC17404EDD}.Release|Any CPU.Build.0 = Release|Any CPU
		{7F258B2F-FC53-4415-8126-B1FC17404EDD}.Release|ARM.ActiveCfg = Release|Any CPU
		{7F258B2F-FC53-4415-8126-B1FC17404EDD}.Release|x64.ActiveCfg = Release|Any CPU
		{7F258B2F-FC53-4415-8126-B1FC17404EDD}.Release|x86.ActiveCfg = Release|Any CPU
		{9FED8B07-59C7-497D-A308-EDA08DC96BD4}.Debug|Any CPU.ActiveCfg = Debug|Any CPU
		{9FED8B07-59C7-497D-A308-EDA08DC96BD4}.Debug|Any CPU.Build.0 = Debug|Any CPU
		{9FED8B07-59C7-497D-A308-EDA08DC96BD4}.Debug|ARM.ActiveCfg = Debug|Any CPU
		{9FED8B07-59C7-497D-A308-EDA08DC96BD4}.Debug|x64.ActiveCfg = Debug|Any CPU
		{9FED8B07-59C7-497D-A308-EDA08DC96BD4}.Debug|x86.ActiveCfg = Debug|Any CPU
		{9FED8B07-59C7-497D-A308-EDA08DC96BD4}.Release|Any CPU.ActiveCfg = Release|Any CPU
		{9FED8B07-59C7-497D-A308-EDA08DC96BD4}.Release|Any CPU.Build.0 = Release|Any CPU
		{9FED8B07-59C7-497D-A308-EDA08DC96BD4}.Release|ARM.ActiveCfg = Release|Any CPU
		{9FED8B07-59C7-497D-A308-EDA08DC96BD4}.Release|x64.ActiveCfg = Release|Any CPU
		{9FED8B07-59C7-497D-A308-EDA08DC96BD4}.Release|x86.ActiveCfg = Release|Any CPU
		{1D5ACF94-049B-4E79-9331-D767DEE77F08}.Debug|Any CPU.ActiveCfg = Debug|Any CPU
		{1D5ACF94-049B-4E79-9331-D767DEE77F08}.Debug|Any CPU.Build.0 = Debug|Any CPU
		{1D5ACF94-049B-4E79-9331-D767DEE77F08}.Debug|ARM.ActiveCfg = Debug|Any CPU
		{1D5ACF94-049B-4E79-9331-D767DEE77F08}.Debug|x64.ActiveCfg = Debug|Any CPU
		{1D5ACF94-049B-4E79-9331-D767DEE77F08}.Debug|x86.ActiveCfg = Debug|Any CPU
		{1D5ACF94-049B-4E79-9331-D767DEE77F08}.Release|Any CPU.ActiveCfg = Release|Any CPU
		{1D5ACF94-049B-4E79-9331-D767DEE77F08}.Release|Any CPU.Build.0 = Release|Any CPU
		{1D5ACF94-049B-4E79-9331-D767DEE77F08}.Release|ARM.ActiveCfg = Release|Any CPU
		{1D5ACF94-049B-4E79-9331-D767DEE77F08}.Release|x64.ActiveCfg = Release|Any CPU
		{1D5ACF94-049B-4E79-9331-D767DEE77F08}.Release|x86.ActiveCfg = Release|Any CPU
		{EBBFA27C-7A0E-4109-A824-F74F787A1E76}.Debug|Any CPU.ActiveCfg = Debug|Any CPU
		{EBBFA27C-7A0E-4109-A824-F74F787A1E76}.Debug|Any CPU.Build.0 = Debug|Any CPU
		{EBBFA27C-7A0E-4109-A824-F74F787A1E76}.Debug|ARM.ActiveCfg = Debug|Any CPU
		{EBBFA27C-7A0E-4109-A824-F74F787A1E76}.Debug|x64.ActiveCfg = Debug|Any CPU
		{EBBFA27C-7A0E-4109-A824-F74F787A1E76}.Debug|x86.ActiveCfg = Debug|Any CPU
		{EBBFA27C-7A0E-4109-A824-F74F787A1E76}.Release|Any CPU.ActiveCfg = Release|Any CPU
		{EBBFA27C-7A0E-4109-A824-F74F787A1E76}.Release|Any CPU.Build.0 = Release|Any CPU
		{EBBFA27C-7A0E-4109-A824-F74F787A1E76}.Release|ARM.ActiveCfg = Release|Any CPU
		{EBBFA27C-7A0E-4109-A824-F74F787A1E76}.Release|x64.ActiveCfg = Release|Any CPU
		{EBBFA27C-7A0E-4109-A824-F74F787A1E76}.Release|x86.ActiveCfg = Release|Any CPU
		{0E1A71D8-441E-4613-A4C7-80AF8C3E42D2}.Debug|Any CPU.ActiveCfg = Debug|Any CPU
		{0E1A71D8-441E-4613-A4C7-80AF8C3E42D2}.Debug|Any CPU.Build.0 = Debug|Any CPU
		{0E1A71D8-441E-4613-A4C7-80AF8C3E42D2}.Debug|ARM.ActiveCfg = Debug|Any CPU
		{0E1A71D8-441E-4613-A4C7-80AF8C3E42D2}.Debug|x64.ActiveCfg = Debug|Any CPU
		{0E1A71D8-441E-4613-A4C7-80AF8C3E42D2}.Debug|x86.ActiveCfg = Debug|Any CPU
		{0E1A71D8-441E-4613-A4C7-80AF8C3E42D2}.Release|Any CPU.ActiveCfg = Release|Any CPU
		{0E1A71D8-441E-4613-A4C7-80AF8C3E42D2}.Release|Any CPU.Build.0 = Release|Any CPU
		{0E1A71D8-441E-4613-A4C7-80AF8C3E42D2}.Release|ARM.ActiveCfg = Release|Any CPU
		{0E1A71D8-441E-4613-A4C7-80AF8C3E42D2}.Release|x64.ActiveCfg = Release|Any CPU
		{0E1A71D8-441E-4613-A4C7-80AF8C3E42D2}.Release|x86.ActiveCfg = Release|Any CPU
		{5FC4CD1D-D840-4E38-AD3C-7B0372FB110B}.Debug|Any CPU.ActiveCfg = Debug|Any CPU
		{5FC4CD1D-D840-4E38-AD3C-7B0372FB110B}.Debug|Any CPU.Build.0 = Debug|Any CPU
		{5FC4CD1D-D840-4E38-AD3C-7B0372FB110B}.Debug|ARM.ActiveCfg = Debug|Any CPU
		{5FC4CD1D-D840-4E38-AD3C-7B0372FB110B}.Debug|x64.ActiveCfg = Debug|Any CPU
		{5FC4CD1D-D840-4E38-AD3C-7B0372FB110B}.Debug|x86.ActiveCfg = Debug|Any CPU
		{5FC4CD1D-D840-4E38-AD3C-7B0372FB110B}.Release|Any CPU.ActiveCfg = Release|Any CPU
		{5FC4CD1D-D840-4E38-AD3C-7B0372FB110B}.Release|Any CPU.Build.0 = Release|Any CPU
		{5FC4CD1D-D840-4E38-AD3C-7B0372FB110B}.Release|ARM.ActiveCfg = Release|Any CPU
		{5FC4CD1D-D840-4E38-AD3C-7B0372FB110B}.Release|x64.ActiveCfg = Release|Any CPU
		{5FC4CD1D-D840-4E38-AD3C-7B0372FB110B}.Release|x86.ActiveCfg = Release|Any CPU
		{DDB2F9DE-A53F-4085-9CD2-35DC40B8A529}.Debug|Any CPU.ActiveCfg = Debug|Any CPU
		{DDB2F9DE-A53F-4085-9CD2-35DC40B8A529}.Debug|Any CPU.Build.0 = Debug|Any CPU
		{DDB2F9DE-A53F-4085-9CD2-35DC40B8A529}.Debug|ARM.ActiveCfg = Debug|Any CPU
		{DDB2F9DE-A53F-4085-9CD2-35DC40B8A529}.Debug|x64.ActiveCfg = Debug|Any CPU
		{DDB2F9DE-A53F-4085-9CD2-35DC40B8A529}.Debug|x86.ActiveCfg = Debug|Any CPU
		{DDB2F9DE-A53F-4085-9CD2-35DC40B8A529}.Release|Any CPU.ActiveCfg = Release|Any CPU
		{DDB2F9DE-A53F-4085-9CD2-35DC40B8A529}.Release|Any CPU.Build.0 = Release|Any CPU
		{DDB2F9DE-A53F-4085-9CD2-35DC40B8A529}.Release|ARM.ActiveCfg = Release|Any CPU
		{DDB2F9DE-A53F-4085-9CD2-35DC40B8A529}.Release|x64.ActiveCfg = Release|Any CPU
		{DDB2F9DE-A53F-4085-9CD2-35DC40B8A529}.Release|x86.ActiveCfg = Release|Any CPU
		{053FCF14-755D-4E04-8839-9BC040A25E4C}.Debug|Any CPU.ActiveCfg = Debug|Any CPU
		{053FCF14-755D-4E04-8839-9BC040A25E4C}.Debug|Any CPU.Build.0 = Debug|Any CPU
		{053FCF14-755D-4E04-8839-9BC040A25E4C}.Debug|ARM.ActiveCfg = Debug|Any CPU
		{053FCF14-755D-4E04-8839-9BC040A25E4C}.Debug|x64.ActiveCfg = Debug|Any CPU
		{053FCF14-755D-4E04-8839-9BC040A25E4C}.Debug|x86.ActiveCfg = Debug|Any CPU
		{053FCF14-755D-4E04-8839-9BC040A25E4C}.Release|Any CPU.ActiveCfg = Release|Any CPU
		{053FCF14-755D-4E04-8839-9BC040A25E4C}.Release|Any CPU.Build.0 = Release|Any CPU
		{053FCF14-755D-4E04-8839-9BC040A25E4C}.Release|ARM.ActiveCfg = Release|Any CPU
		{053FCF14-755D-4E04-8839-9BC040A25E4C}.Release|x64.ActiveCfg = Release|Any CPU
		{053FCF14-755D-4E04-8839-9BC040A25E4C}.Release|x86.ActiveCfg = Release|Any CPU
		{C209A07E-58D0-4E75-B6D9-CA504A6BFA8B}.Debug|Any CPU.ActiveCfg = Debug|Any CPU
		{C209A07E-58D0-4E75-B6D9-CA504A6BFA8B}.Debug|Any CPU.Build.0 = Debug|Any CPU
		{C209A07E-58D0-4E75-B6D9-CA504A6BFA8B}.Debug|ARM.ActiveCfg = Debug|Any CPU
		{C209A07E-58D0-4E75-B6D9-CA504A6BFA8B}.Debug|x64.ActiveCfg = Debug|Any CPU
		{C209A07E-58D0-4E75-B6D9-CA504A6BFA8B}.Debug|x86.ActiveCfg = Debug|Any CPU
		{C209A07E-58D0-4E75-B6D9-CA504A6BFA8B}.Release|Any CPU.ActiveCfg = Release|Any CPU
		{C209A07E-58D0-4E75-B6D9-CA504A6BFA8B}.Release|Any CPU.Build.0 = Release|Any CPU
		{C209A07E-58D0-4E75-B6D9-CA504A6BFA8B}.Release|ARM.ActiveCfg = Release|Any CPU
		{C209A07E-58D0-4E75-B6D9-CA504A6BFA8B}.Release|x64.ActiveCfg = Release|Any CPU
		{C209A07E-58D0-4E75-B6D9-CA504A6BFA8B}.Release|x86.ActiveCfg = Release|Any CPU
		{BA0E088F-6272-4C97-9404-31DEA8468402}.Debug|Any CPU.ActiveCfg = Debug|Any CPU
		{BA0E088F-6272-4C97-9404-31DEA8468402}.Debug|Any CPU.Build.0 = Debug|Any CPU
		{BA0E088F-6272-4C97-9404-31DEA8468402}.Debug|ARM.ActiveCfg = Debug|Any CPU
		{BA0E088F-6272-4C97-9404-31DEA8468402}.Debug|x64.ActiveCfg = Debug|Any CPU
		{BA0E088F-6272-4C97-9404-31DEA8468402}.Debug|x86.ActiveCfg = Debug|Any CPU
		{BA0E088F-6272-4C97-9404-31DEA8468402}.Release|Any CPU.ActiveCfg = Release|Any CPU
		{BA0E088F-6272-4C97-9404-31DEA8468402}.Release|Any CPU.Build.0 = Release|Any CPU
		{BA0E088F-6272-4C97-9404-31DEA8468402}.Release|ARM.ActiveCfg = Release|Any CPU
		{BA0E088F-6272-4C97-9404-31DEA8468402}.Release|x64.ActiveCfg = Release|Any CPU
		{BA0E088F-6272-4C97-9404-31DEA8468402}.Release|x86.ActiveCfg = Release|Any CPU
		{12D2874A-A25E-4CF2-B505-5390ED28049E}.Debug|Any CPU.ActiveCfg = Debug|Any CPU
		{12D2874A-A25E-4CF2-B505-5390ED28049E}.Debug|Any CPU.Build.0 = Debug|Any CPU
		{12D2874A-A25E-4CF2-B505-5390ED28049E}.Debug|ARM.ActiveCfg = Debug|Any CPU
		{12D2874A-A25E-4CF2-B505-5390ED28049E}.Debug|x64.ActiveCfg = Debug|Any CPU
		{12D2874A-A25E-4CF2-B505-5390ED28049E}.Debug|x86.ActiveCfg = Debug|Any CPU
		{12D2874A-A25E-4CF2-B505-5390ED28049E}.Release|Any CPU.ActiveCfg = Release|Any CPU
		{12D2874A-A25E-4CF2-B505-5390ED28049E}.Release|Any CPU.Build.0 = Release|Any CPU
		{12D2874A-A25E-4CF2-B505-5390ED28049E}.Release|ARM.ActiveCfg = Release|Any CPU
		{12D2874A-A25E-4CF2-B505-5390ED28049E}.Release|x64.ActiveCfg = Release|Any CPU
		{12D2874A-A25E-4CF2-B505-5390ED28049E}.Release|x86.ActiveCfg = Release|Any CPU
		{5C521025-02EE-4FEC-9959-8A0B074D5322}.Debug|Any CPU.ActiveCfg = Debug|Any CPU
		{5C521025-02EE-4FEC-9959-8A0B074D5322}.Debug|Any CPU.Build.0 = Debug|Any CPU
		{5C521025-02EE-4FEC-9959-8A0B074D5322}.Debug|ARM.ActiveCfg = Debug|Any CPU
		{5C521025-02EE-4FEC-9959-8A0B074D5322}.Debug|x64.ActiveCfg = Debug|Any CPU
		{5C521025-02EE-4FEC-9959-8A0B074D5322}.Debug|x86.ActiveCfg = Debug|Any CPU
		{5C521025-02EE-4FEC-9959-8A0B074D5322}.Release|Any CPU.ActiveCfg = Release|Any CPU
		{5C521025-02EE-4FEC-9959-8A0B074D5322}.Release|Any CPU.Build.0 = Release|Any CPU
		{5C521025-02EE-4FEC-9959-8A0B074D5322}.Release|ARM.ActiveCfg = Release|Any CPU
		{5C521025-02EE-4FEC-9959-8A0B074D5322}.Release|x64.ActiveCfg = Release|Any CPU
		{5C521025-02EE-4FEC-9959-8A0B074D5322}.Release|x86.ActiveCfg = Release|Any CPU
		{B4230A2B-0EA5-4D17-8D31-60C6FED55A9C}.Debug|Any CPU.ActiveCfg = Debug|Any CPU
		{B4230A2B-0EA5-4D17-8D31-60C6FED55A9C}.Debug|Any CPU.Build.0 = Debug|Any CPU
		{B4230A2B-0EA5-4D17-8D31-60C6FED55A9C}.Debug|ARM.ActiveCfg = Debug|Any CPU
		{B4230A2B-0EA5-4D17-8D31-60C6FED55A9C}.Debug|x64.ActiveCfg = Debug|Any CPU
		{B4230A2B-0EA5-4D17-8D31-60C6FED55A9C}.Debug|x86.ActiveCfg = Debug|Any CPU
		{B4230A2B-0EA5-4D17-8D31-60C6FED55A9C}.Release|Any CPU.ActiveCfg = Release|Any CPU
		{B4230A2B-0EA5-4D17-8D31-60C6FED55A9C}.Release|Any CPU.Build.0 = Release|Any CPU
		{B4230A2B-0EA5-4D17-8D31-60C6FED55A9C}.Release|ARM.ActiveCfg = Release|Any CPU
		{B4230A2B-0EA5-4D17-8D31-60C6FED55A9C}.Release|x64.ActiveCfg = Release|Any CPU
		{B4230A2B-0EA5-4D17-8D31-60C6FED55A9C}.Release|x86.ActiveCfg = Release|Any CPU
		{19E03D1F-C477-4443-A545-C4F2784C2025}.Debug|Any CPU.ActiveCfg = Debug|Any CPU
		{19E03D1F-C477-4443-A545-C4F2784C2025}.Debug|Any CPU.Build.0 = Debug|Any CPU
		{19E03D1F-C477-4443-A545-C4F2784C2025}.Debug|ARM.ActiveCfg = Debug|Any CPU
		{19E03D1F-C477-4443-A545-C4F2784C2025}.Debug|x64.ActiveCfg = Debug|Any CPU
		{19E03D1F-C477-4443-A545-C4F2784C2025}.Debug|x86.ActiveCfg = Debug|Any CPU
		{19E03D1F-C477-4443-A545-C4F2784C2025}.Release|Any CPU.ActiveCfg = Release|Any CPU
		{19E03D1F-C477-4443-A545-C4F2784C2025}.Release|Any CPU.Build.0 = Release|Any CPU
		{19E03D1F-C477-4443-A545-C4F2784C2025}.Release|ARM.ActiveCfg = Release|Any CPU
		{19E03D1F-C477-4443-A545-C4F2784C2025}.Release|x64.ActiveCfg = Release|Any CPU
		{19E03D1F-C477-4443-A545-C4F2784C2025}.Release|x86.ActiveCfg = Release|Any CPU
		{A1F1C578-91CA-41CA-A69C-6525954CC969}.Debug|Any CPU.ActiveCfg = Debug|Any CPU
		{A1F1C578-91CA-41CA-A69C-6525954CC969}.Debug|Any CPU.Build.0 = Debug|Any CPU
		{A1F1C578-91CA-41CA-A69C-6525954CC969}.Debug|ARM.ActiveCfg = Debug|Any CPU
		{A1F1C578-91CA-41CA-A69C-6525954CC969}.Debug|x64.ActiveCfg = Debug|Any CPU
		{A1F1C578-91CA-41CA-A69C-6525954CC969}.Debug|x86.ActiveCfg = Debug|Any CPU
		{A1F1C578-91CA-41CA-A69C-6525954CC969}.Release|Any CPU.ActiveCfg = Release|Any CPU
		{A1F1C578-91CA-41CA-A69C-6525954CC969}.Release|Any CPU.Build.0 = Release|Any CPU
		{A1F1C578-91CA-41CA-A69C-6525954CC969}.Release|ARM.ActiveCfg = Release|Any CPU
		{A1F1C578-91CA-41CA-A69C-6525954CC969}.Release|x64.ActiveCfg = Release|Any CPU
		{A1F1C578-91CA-41CA-A69C-6525954CC969}.Release|x86.ActiveCfg = Release|Any CPU
		{7BAE7492-6EFA-4BB7-A8FA-8AD744239463}.Debug|Any CPU.ActiveCfg = Debug|Any CPU
		{7BAE7492-6EFA-4BB7-A8FA-8AD744239463}.Debug|Any CPU.Build.0 = Debug|Any CPU
		{7BAE7492-6EFA-4BB7-A8FA-8AD744239463}.Debug|ARM.ActiveCfg = Debug|Any CPU
		{7BAE7492-6EFA-4BB7-A8FA-8AD744239463}.Debug|x64.ActiveCfg = Debug|Any CPU
		{7BAE7492-6EFA-4BB7-A8FA-8AD744239463}.Debug|x86.ActiveCfg = Debug|Any CPU
		{7BAE7492-6EFA-4BB7-A8FA-8AD744239463}.Release|Any CPU.ActiveCfg = Release|Any CPU
		{7BAE7492-6EFA-4BB7-A8FA-8AD744239463}.Release|Any CPU.Build.0 = Release|Any CPU
		{7BAE7492-6EFA-4BB7-A8FA-8AD744239463}.Release|ARM.ActiveCfg = Release|Any CPU
		{7BAE7492-6EFA-4BB7-A8FA-8AD744239463}.Release|x64.ActiveCfg = Release|Any CPU
		{7BAE7492-6EFA-4BB7-A8FA-8AD744239463}.Release|x86.ActiveCfg = Release|Any CPU
	EndGlobalSection
	GlobalSection(SolutionProperties) = preSolution
		HideSolutionNode = FALSE
	EndGlobalSection
	GlobalSection(NestedProjects) = preSolution
		{10B38650-4801-419F-BE2F-A060231EE740} = {6A55BFCD-C040-4B99-9852-5F58B47361F9}
		{074A3430-650D-4EC6-98D0-03F15E8A8F5C} = {6A55BFCD-C040-4B99-9852-5F58B47361F9}
		{15D2A2B2-69E2-4D24-B5F2-0481DA06FF70} = {6A55BFCD-C040-4B99-9852-5F58B47361F9}
		{CBAC6B48-CFC6-443B-944A-3025B0A63391} = {6A55BFCD-C040-4B99-9852-5F58B47361F9}
		{64F044C7-3219-449F-A088-8B56D331D17A} = {6A55BFCD-C040-4B99-9852-5F58B47361F9}
		{50D0E04C-D13D-462D-BB86-BA66F97817BD} = {6A55BFCD-C040-4B99-9852-5F58B47361F9}
		{7CB673A5-9020-4A67-AEBE-BC46CCA3771B} = {6A55BFCD-C040-4B99-9852-5F58B47361F9}
		{4877D110-0AD2-4FDC-BF56-EEDFEEAEC550} = {6A55BFCD-C040-4B99-9852-5F58B47361F9}
		{C863CED4-2F0F-4888-BB98-C8ACADB6597C} = {6A55BFCD-C040-4B99-9852-5F58B47361F9}
		{953FB6A9-EF47-4EA9-947A-E4D1457AF403} = {6A55BFCD-C040-4B99-9852-5F58B47361F9}
		{D18F4983-0247-4FFC-B57A-68B46BFBA0EC} = {6A55BFCD-C040-4B99-9852-5F58B47361F9}
		{012E0131-0969-40EA-AA34-4EFAC3F78959} = {6A55BFCD-C040-4B99-9852-5F58B47361F9}
		{788E90FF-F4A3-4E12-84E1-46E498EBD7B5} = {FAFB8BD6-8291-48F6-9763-A4A4B034F8D8}
		{7839BC92-1421-4996-A7CD-7E8790C8BD86} = {FAFB8BD6-8291-48F6-9763-A4A4B034F8D8}
		{852E7C23-9974-4050-B336-094EAE979AB5} = {FAFB8BD6-8291-48F6-9763-A4A4B034F8D8}
		{4FADE77E-D656-4CFA-81E7-038177E0EF21} = {FAFB8BD6-8291-48F6-9763-A4A4B034F8D8}
		{A5055A2F-C546-4FD3-A4C6-72724080312B} = {FAFB8BD6-8291-48F6-9763-A4A4B034F8D8}
		{11D202E4-4CB8-4B97-B062-AB74395E498B} = {FAFB8BD6-8291-48F6-9763-A4A4B034F8D8}
		{7F258B2F-FC53-4415-8126-B1FC17404EDD} = {FAFB8BD6-8291-48F6-9763-A4A4B034F8D8}
		{9FED8B07-59C7-497D-A308-EDA08DC96BD4} = {FAFB8BD6-8291-48F6-9763-A4A4B034F8D8}
		{1D5ACF94-049B-4E79-9331-D767DEE77F08} = {FAFB8BD6-8291-48F6-9763-A4A4B034F8D8}
		{EBBFA27C-7A0E-4109-A824-F74F787A1E76} = {E92D9EFB-ADB4-4111-AD11-22BBCA27240B}
		{0E1A71D8-441E-4613-A4C7-80AF8C3E42D2} = {E92D9EFB-ADB4-4111-AD11-22BBCA27240B}
		{5FC4CD1D-D840-4E38-AD3C-7B0372FB110B} = {E92D9EFB-ADB4-4111-AD11-22BBCA27240B}
		{DDB2F9DE-A53F-4085-9CD2-35DC40B8A529} = {E92D9EFB-ADB4-4111-AD11-22BBCA27240B}
		{053FCF14-755D-4E04-8839-9BC040A25E4C} = {E92D9EFB-ADB4-4111-AD11-22BBCA27240B}
		{C209A07E-58D0-4E75-B6D9-CA504A6BFA8B} = {E92D9EFB-ADB4-4111-AD11-22BBCA27240B}
		{BA0E088F-6272-4C97-9404-31DEA8468402} = {F56B7A8F-B45C-422B-A01B-2BB6A5D3962A}
		{12D2874A-A25E-4CF2-B505-5390ED28049E} = {F56B7A8F-B45C-422B-A01B-2BB6A5D3962A}
		{5C521025-02EE-4FEC-9959-8A0B074D5322} = {F56B7A8F-B45C-422B-A01B-2BB6A5D3962A}
		{B4230A2B-0EA5-4D17-8D31-60C6FED55A9C} = {F56B7A8F-B45C-422B-A01B-2BB6A5D3962A}
		{19E03D1F-C477-4443-A545-C4F2784C2025} = {F56B7A8F-B45C-422B-A01B-2BB6A5D3962A}
		{A1F1C578-91CA-41CA-A69C-6525954CC969} = {F56B7A8F-B45C-422B-A01B-2BB6A5D3962A}
		{7BAE7492-6EFA-4BB7-A8FA-8AD744239463} = {F56B7A8F-B45C-422B-A01B-2BB6A5D3962A}
	EndGlobalSection
EndGlobal
