
Microsoft Visual Studio Solution File, Format Version 12.00
# Visual Studio 2012
Project("{2150E333-8FDC-42A3-9474-1A3956D46DE8}") = ".nuget", ".nuget", "{BD68BCB4-660A-43F6-90DB-77FC00409C8D}"
	ProjectSection(SolutionItems) = preProject
		.nuget\NuGet.Config = .nuget\NuGet.Config
		.nuget\NuGet.exe = .nuget\NuGet.exe
		.nuget\NuGet.targets = .nuget\NuGet.targets
	EndProjectSection
EndProject
Project("{FAE04EC0-301F-11D3-BF4B-00C04F79EFBC}") = "XAMLPatterns.MessageBus", "XAMLPatterns.MessageBus\XAMLPatterns.MessageBus.csproj", "{4FADE77E-D656-4CFA-81E7-038177E0EF21}"
EndProject
Project("{FAE04EC0-301F-11D3-BF4B-00C04F79EFBC}") = "XAMLPatterns.SelectionModel", "XAMLPatterns.SelectionModel\XAMLPatterns.SelectionModel.csproj", "{A5055A2F-C546-4FD3-A4C6-72724080312B}"
EndProject
Project("{FAE04EC0-301F-11D3-BF4B-00C04F79EFBC}") = "XAMLPatterns.StatefulViewModel", "XAMLPatterns.StatefulViewModel\XAMLPatterns.StatefulViewModel.csproj", "{788E90FF-F4A3-4E12-84E1-46E498EBD7B5}"
EndProject
Project("{FAE04EC0-301F-11D3-BF4B-00C04F79EFBC}") = "XAMLPatterns.StatelessViewModel", "XAMLPatterns.StatelessViewModel\XAMLPatterns.StatelessViewModel.csproj", "{852E7C23-9974-4050-B336-094EAE979AB5}"
EndProject
Project("{FAE04EC0-301F-11D3-BF4B-00C04F79EFBC}") = "XAMLPatterns.ViewModelEvents", "XAMLPatterns.ViewModelEvents\XAMLPatterns.ViewModelEvents.csproj", "{1D5ACF94-049B-4E79-9331-D767DEE77F08}"
EndProject
Project("{FAE04EC0-301F-11D3-BF4B-00C04F79EFBC}") = "XAMLPatterns.ViewModelFirst", "XAMLPatterns.ViewModelFirst\XAMLPatterns.ViewModelFirst.csproj", "{11D202E4-4CB8-4B97-B062-AB74395E498B}"
EndProject
Project("{FAE04EC0-301F-11D3-BF4B-00C04F79EFBC}") = "XAMLPatterns.ViewModelLocator", "XAMLPatterns.ViewModelLocator\XAMLPatterns.ViewModelLocator.csproj", "{7F258B2F-FC53-4415-8126-B1FC17404EDD}"
EndProject
Project("{FAE04EC0-301F-11D3-BF4B-00C04F79EFBC}") = "XAMLPatterns.ViewServices", "XAMLPatterns.ViewServices\XAMLPatterns.ViewServices.csproj", "{9FED8B07-59C7-497D-A308-EDA08DC96BD4}"
EndProject
Project("{FAE04EC0-301F-11D3-BF4B-00C04F79EFBC}") = "XAMLPatterns.ReactiveViewModel", "XAMLPatterns.ReactiveViewModel\XAMLPatterns.ReactiveViewModel.csproj", "{38F8E3E8-27DA-45FC-A93A-53118376AC85}"
EndProject
Global
	GlobalSection(SolutionConfigurationPlatforms) = preSolution
		Debug|Any CPU = Debug|Any CPU
		Release|Any CPU = Release|Any CPU
	EndGlobalSection
	GlobalSection(ProjectConfigurationPlatforms) = postSolution
		{4FADE77E-D656-4CFA-81E7-038177E0EF21}.Debug|Any CPU.ActiveCfg = Debug|Any CPU
		{4FADE77E-D656-4CFA-81E7-038177E0EF21}.Debug|Any CPU.Build.0 = Debug|Any CPU
		{4FADE77E-D656-4CFA-81E7-038177E0EF21}.Release|Any CPU.ActiveCfg = Release|Any CPU
		{4FADE77E-D656-4CFA-81E7-038177E0EF21}.Release|Any CPU.Build.0 = Release|Any CPU
		{A5055A2F-C546-4FD3-A4C6-72724080312B}.Debug|Any CPU.ActiveCfg = Debug|Any CPU
		{A5055A2F-C546-4FD3-A4C6-72724080312B}.Debug|Any CPU.Build.0 = Debug|Any CPU
		{A5055A2F-C546-4FD3-A4C6-72724080312B}.Release|Any CPU.ActiveCfg = Release|Any CPU
		{A5055A2F-C546-4FD3-A4C6-72724080312B}.Release|Any CPU.Build.0 = Release|Any CPU
		{788E90FF-F4A3-4E12-84E1-46E498EBD7B5}.Debug|Any CPU.ActiveCfg = Debug|Any CPU
		{788E90FF-F4A3-4E12-84E1-46E498EBD7B5}.Debug|Any CPU.Build.0 = Debug|Any CPU
		{788E90FF-F4A3-4E12-84E1-46E498EBD7B5}.Release|Any CPU.ActiveCfg = Release|Any CPU
		{788E90FF-F4A3-4E12-84E1-46E498EBD7B5}.Release|Any CPU.Build.0 = Release|Any CPU
		{852E7C23-9974-4050-B336-094EAE979AB5}.Debug|Any CPU.ActiveCfg = Debug|Any CPU
		{852E7C23-9974-4050-B336-094EAE979AB5}.Debug|Any CPU.Build.0 = Debug|Any CPU
		{852E7C23-9974-4050-B336-094EAE979AB5}.Release|Any CPU.ActiveCfg = Release|Any CPU
		{852E7C23-9974-4050-B336-094EAE979AB5}.Release|Any CPU.Build.0 = Release|Any CPU
		{1D5ACF94-049B-4E79-9331-D767DEE77F08}.Debug|Any CPU.ActiveCfg = Debug|Any CPU
		{1D5ACF94-049B-4E79-9331-D767DEE77F08}.Debug|Any CPU.Build.0 = Debug|Any CPU
		{1D5ACF94-049B-4E79-9331-D767DEE77F08}.Release|Any CPU.ActiveCfg = Release|Any CPU
		{1D5ACF94-049B-4E79-9331-D767DEE77F08}.Release|Any CPU.Build.0 = Release|Any CPU
		{11D202E4-4CB8-4B97-B062-AB74395E498B}.Debug|Any CPU.ActiveCfg = Debug|Any CPU
		{11D202E4-4CB8-4B97-B062-AB74395E498B}.Debug|Any CPU.Build.0 = Debug|Any CPU
		{11D202E4-4CB8-4B97-B062-AB74395E498B}.Release|Any CPU.ActiveCfg = Release|Any CPU
		{11D202E4-4CB8-4B97-B062-AB74395E498B}.Release|Any CPU.Build.0 = Release|Any CPU
		{7F258B2F-FC53-4415-8126-B1FC17404EDD}.Debug|Any CPU.ActiveCfg = Debug|Any CPU
		{7F258B2F-FC53-4415-8126-B1FC17404EDD}.Debug|Any CPU.Build.0 = Debug|Any CPU
		{7F258B2F-FC53-4415-8126-B1FC17404EDD}.Release|Any CPU.ActiveCfg = Release|Any CPU
		{7F258B2F-FC53-4415-8126-B1FC17404EDD}.Release|Any CPU.Build.0 = Release|Any CPU
		{9FED8B07-59C7-497D-A308-EDA08DC96BD4}.Debug|Any CPU.ActiveCfg = Debug|Any CPU
		{9FED8B07-59C7-497D-A308-EDA08DC96BD4}.Debug|Any CPU.Build.0 = Debug|Any CPU
		{9FED8B07-59C7-497D-A308-EDA08DC96BD4}.Release|Any CPU.ActiveCfg = Release|Any CPU
		{9FED8B07-59C7-497D-A308-EDA08DC96BD4}.Release|Any CPU.Build.0 = Release|Any CPU
		{38F8E3E8-27DA-45FC-A93A-53118376AC85}.Debug|Any CPU.ActiveCfg = Debug|Any CPU
		{38F8E3E8-27DA-45FC-A93A-53118376AC85}.Debug|Any CPU.Build.0 = Debug|Any CPU
		{38F8E3E8-27DA-45FC-A93A-53118376AC85}.Release|Any CPU.ActiveCfg = Release|Any CPU
		{38F8E3E8-27DA-45FC-A93A-53118376AC85}.Release|Any CPU.Build.0 = Release|Any CPU
	EndGlobalSection
	GlobalSection(SolutionProperties) = preSolution
		HideSolutionNode = FALSE
	EndGlobalSection
EndGlobal
